
Microsoft Visual Studio Solution File, Format Version 12.00
# Visual Studio Version 16
VisualStudioVersion = 16.0.30104.148
MinimumVisualStudioVersion = 10.0.40219.1
Project("{FAE04EC0-301F-11D3-BF4B-00C04F79EFBC}") = "SchuhS_Fifa", "SchuhS_Fifa\SchuhS_Fifa.csproj", "{29C420A8-0E67-4695-B15C-66D61054BADE}"
EndProject
Global
	GlobalSection(SolutionConfigurationPlatforms) = preSolution
		Debug|Any CPU = Debug|Any CPU
		Release|Any CPU = Release|Any CPU
	EndGlobalSection
	GlobalSection(ProjectConfigurationPlatforms) = postSolution
		{29C420A8-0E67-4695-B15C-66D61054BADE}.Debug|Any CPU.ActiveCfg = Debug|Any CPU
		{29C420A8-0E67-4695-B15C-66D61054BADE}.Debug|Any CPU.Build.0 = Debug|Any CPU
		{29C420A8-0E67-4695-B15C-66D61054BADE}.Release|Any CPU.ActiveCfg = Release|Any CPU
		{29C420A8-0E67-4695-B15C-66D61054BADE}.Release|Any CPU.Build.0 = Release|Any CPU
	EndGlobalSection
	GlobalSection(SolutionProperties) = preSolution
		HideSolutionNode = FALSE
	EndGlobalSection
	GlobalSection(ExtensibilityGlobals) = postSolution
		SolutionGuid = {06382004-D191-47A9-B086-2E6A631EF086}
	EndGlobalSection
EndGlobal
